// !$*UTF8*$!
{
	archiveVersion = 1;
	classes = {
	};
	objectVersion = 50;
	objects = {

/* Begin PBXBuildFile section */
		D21145152458F20200A63C47 /* ABS.m4v in Resources */ = {isa = PBXBuildFile; fileRef = D21145132458F20200A63C47 /* ABS.m4v */; };
		D21145162458F20200A63C47 /* ABS-Short.m4v in Resources */ = {isa = PBXBuildFile; fileRef = D21145142458F20200A63C47 /* ABS-Short.m4v */; };
		D24C92F72457227900217AEC /* AppDelegate.swift in Sources */ = {isa = PBXBuildFile; fileRef = D24C92F62457227900217AEC /* AppDelegate.swift */; };
		D24C92F92457227900217AEC /* SceneDelegate.swift in Sources */ = {isa = PBXBuildFile; fileRef = D24C92F82457227900217AEC /* SceneDelegate.swift */; };
		D24C93002457227A00217AEC /* Assets.xcassets in Resources */ = {isa = PBXBuildFile; fileRef = D24C92FF2457227A00217AEC /* Assets.xcassets */; };
		D24C93032457227A00217AEC /* LaunchScreen.storyboard in Resources */ = {isa = PBXBuildFile; fileRef = D24C93012457227A00217AEC /* LaunchScreen.storyboard */; };
		D24C930C2457682000217AEC /* MainNavigationController.swift in Sources */ = {isa = PBXBuildFile; fileRef = D24C930B2457682000217AEC /* MainNavigationController.swift */; };
		D24C930E2457694200217AEC /* WorkoutsFeedCollectionViewController.swift in Sources */ = {isa = PBXBuildFile; fileRef = D24C930D2457694200217AEC /* WorkoutsFeedCollectionViewController.swift */; };
		D24C931324576C4000217AEC /* WorkoutFeedCell.swift in Sources */ = {isa = PBXBuildFile; fileRef = D24C931224576C4000217AEC /* WorkoutFeedCell.swift */; };
		D24C9319245885A000217AEC /* FileURL.swift in Sources */ = {isa = PBXBuildFile; fileRef = D24C9318245885A000217AEC /* FileURL.swift */; };
		D24C931B2458896300217AEC /* PlayerViewController.swift in Sources */ = {isa = PBXBuildFile; fileRef = D24C931A2458896300217AEC /* PlayerViewController.swift */; };
		D2C6416F245B70B2001C6A2E /* Workout.swift in Sources */ = {isa = PBXBuildFile; fileRef = D2C6416E245B70B2001C6A2E /* Workout.swift */; };
		D2C64171245B713A001C6A2E /* Coach.swift in Sources */ = {isa = PBXBuildFile; fileRef = D2C64170245B713A001C6A2E /* Coach.swift */; };
		D2C64174245B726E001C6A2E /* FireBaseAPIClient.swift in Sources */ = {isa = PBXBuildFile; fileRef = D2C64173245B726E001C6A2E /* FireBaseAPIClient.swift */; };
		D2C64177245B7684001C6A2E /* WorkoutController.swift in Sources */ = {isa = PBXBuildFile; fileRef = D2C64176245B7684001C6A2E /* WorkoutController.swift */; };
/* End PBXBuildFile section */

/* Begin PBXFileReference section */
		D21145132458F20200A63C47 /* ABS.m4v */ = {isa = PBXFileReference; lastKnownFileType = file; name = ABS.m4v; path = ../CrossfitMedia/ABS.m4v; sourceTree = "<group>"; };
		D21145142458F20200A63C47 /* ABS-Short.m4v */ = {isa = PBXFileReference; lastKnownFileType = file; name = "ABS-Short.m4v"; path = "../CrossfitMedia/ABS-Short.m4v"; sourceTree = "<group>"; };
		D24C92F32457227900217AEC /* Clamtown Crossfit.app */ = {isa = PBXFileReference; explicitFileType = wrapper.application; includeInIndex = 0; path = "Clamtown Crossfit.app"; sourceTree = BUILT_PRODUCTS_DIR; };
		D24C92F62457227900217AEC /* AppDelegate.swift */ = {isa = PBXFileReference; lastKnownFileType = sourcecode.swift; path = AppDelegate.swift; sourceTree = "<group>"; };
		D24C92F82457227900217AEC /* SceneDelegate.swift */ = {isa = PBXFileReference; lastKnownFileType = sourcecode.swift; path = SceneDelegate.swift; sourceTree = "<group>"; };
		D24C92FF2457227A00217AEC /* Assets.xcassets */ = {isa = PBXFileReference; lastKnownFileType = folder.assetcatalog; path = Assets.xcassets; sourceTree = "<group>"; };
		D24C93022457227A00217AEC /* Base */ = {isa = PBXFileReference; lastKnownFileType = file.storyboard; name = Base; path = Base.lproj/LaunchScreen.storyboard; sourceTree = "<group>"; };
		D24C93042457227A00217AEC /* Info.plist */ = {isa = PBXFileReference; lastKnownFileType = text.plist.xml; path = Info.plist; sourceTree = "<group>"; };
		D24C930B2457682000217AEC /* MainNavigationController.swift */ = {isa = PBXFileReference; lastKnownFileType = sourcecode.swift; path = MainNavigationController.swift; sourceTree = "<group>"; };
		D24C930D2457694200217AEC /* WorkoutsFeedCollectionViewController.swift */ = {isa = PBXFileReference; lastKnownFileType = sourcecode.swift; path = WorkoutsFeedCollectionViewController.swift; sourceTree = "<group>"; };
		D24C931224576C4000217AEC /* WorkoutFeedCell.swift */ = {isa = PBXFileReference; lastKnownFileType = sourcecode.swift; path = WorkoutFeedCell.swift; sourceTree = "<group>"; };
		D24C9318245885A000217AEC /* FileURL.swift */ = {isa = PBXFileReference; lastKnownFileType = sourcecode.swift; path = FileURL.swift; sourceTree = "<group>"; };
		D24C931A2458896300217AEC /* PlayerViewController.swift */ = {isa = PBXFileReference; lastKnownFileType = sourcecode.swift; path = PlayerViewController.swift; sourceTree = "<group>"; };
		D2C6416E245B70B2001C6A2E /* Workout.swift */ = {isa = PBXFileReference; lastKnownFileType = sourcecode.swift; path = Workout.swift; sourceTree = "<group>"; };
		D2C64170245B713A001C6A2E /* Coach.swift */ = {isa = PBXFileReference; lastKnownFileType = sourcecode.swift; path = Coach.swift; sourceTree = "<group>"; };
		D2C64173245B726E001C6A2E /* FireBaseAPIClient.swift */ = {isa = PBXFileReference; lastKnownFileType = sourcecode.swift; path = FireBaseAPIClient.swift; sourceTree = "<group>"; };
		D2C64176245B7684001C6A2E /* WorkoutController.swift */ = {isa = PBXFileReference; lastKnownFileType = sourcecode.swift; path = WorkoutController.swift; sourceTree = "<group>"; };
/* End PBXFileReference section */

/* Begin PBXFrameworksBuildPhase section */
		D24C92F02457227900217AEC /* Frameworks */ = {
			isa = PBXFrameworksBuildPhase;
			buildActionMask = 2147483647;
			files = (
			);
			runOnlyForDeploymentPostprocessing = 0;
		};
/* End PBXFrameworksBuildPhase section */

/* Begin PBXGroup section */
		D21145122458F12400A63C47 /* Resources */ = {
			isa = PBXGroup;
			children = (
				D21145142458F20200A63C47 /* ABS-Short.m4v */,
				D21145132458F20200A63C47 /* ABS.m4v */,
			);
			name = Resources;
			sourceTree = "<group>";
		};
		D24C92EA2457227900217AEC = {
			isa = PBXGroup;
			children = (
				D21145122458F12400A63C47 /* Resources */,
				D24C92F52457227900217AEC /* Clamtown Crossfit */,
				D24C92F42457227900217AEC /* Products */,
			);
			sourceTree = "<group>";
		};
		D24C92F42457227900217AEC /* Products */ = {
			isa = PBXGroup;
			children = (
				D24C92F32457227900217AEC /* Clamtown Crossfit.app */,
			);
			name = Products;
			sourceTree = "<group>";
		};
		D24C92F52457227900217AEC /* Clamtown Crossfit */ = {
			isa = PBXGroup;
			children = (
				D2C64175245B766B001C6A2E /* Model Controllers */,
				D2C64172245B7240001C6A2E /* API */,
				D2C6416D245B709C001C6A2E /* Models */,
				D24C93172458857A00217AEC /* Helpers */,
				D24C931024576C1F00217AEC /* Views */,
				D24C930A245767FE00217AEC /* View Controllers */,
				D24C930F24576B7C00217AEC /* Application */,
				D24C92FF2457227A00217AEC /* Assets.xcassets */,
				D24C93012457227A00217AEC /* LaunchScreen.storyboard */,
			);
			path = "Clamtown Crossfit";
			sourceTree = "<group>";
		};
		D24C930A245767FE00217AEC /* View Controllers */ = {
			isa = PBXGroup;
			children = (
				D24C930B2457682000217AEC /* MainNavigationController.swift */,
				D24C930D2457694200217AEC /* WorkoutsFeedCollectionViewController.swift */,
				D24C931A2458896300217AEC /* PlayerViewController.swift */,
			);
			path = "View Controllers";
			sourceTree = "<group>";
		};
		D24C930F24576B7C00217AEC /* Application */ = {
			isa = PBXGroup;
			children = (
				D24C92F62457227900217AEC /* AppDelegate.swift */,
				D24C92F82457227900217AEC /* SceneDelegate.swift */,
				D24C93042457227A00217AEC /* Info.plist */,
			);
			path = Application;
			sourceTree = "<group>";
		};
		D24C931024576C1F00217AEC /* Views */ = {
			isa = PBXGroup;
			children = (
				D24C931124576C2A00217AEC /* Cells */,
			);
			path = Views;
			sourceTree = "<group>";
		};
		D24C931124576C2A00217AEC /* Cells */ = {
			isa = PBXGroup;
			children = (
				D24C931224576C4000217AEC /* WorkoutFeedCell.swift */,
			);
			path = Cells;
			sourceTree = "<group>";
		};
		D24C93172458857A00217AEC /* Helpers */ = {
			isa = PBXGroup;
			children = (
				D24C9318245885A000217AEC /* FileURL.swift */,
			);
			path = Helpers;
			sourceTree = "<group>";
		};
		D2C6416D245B709C001C6A2E /* Models */ = {
			isa = PBXGroup;
			children = (
				D2C6416E245B70B2001C6A2E /* Workout.swift */,
				D2C64170245B713A001C6A2E /* Coach.swift */,
			);
			path = Models;
			sourceTree = "<group>";
		};
		D2C64172245B7240001C6A2E /* API */ = {
			isa = PBXGroup;
			children = (
				D2C64173245B726E001C6A2E /* FireBaseAPIClient.swift */,
			);
			path = API;
			sourceTree = "<group>";
		};
		D2C64175245B766B001C6A2E /* Model Controllers */ = {
			isa = PBXGroup;
			children = (
				D2C64176245B7684001C6A2E /* WorkoutController.swift */,
			);
			path = "Model Controllers";
			sourceTree = "<group>";
		};
/* End PBXGroup section */

/* Begin PBXNativeTarget section */
		D24C92F22457227900217AEC /* Clamtown Crossfit */ = {
			isa = PBXNativeTarget;
			buildConfigurationList = D24C93072457227A00217AEC /* Build configuration list for PBXNativeTarget "Clamtown Crossfit" */;
			buildPhases = (
				D24C92EF2457227900217AEC /* Sources */,
				D24C92F02457227900217AEC /* Frameworks */,
				D24C92F12457227900217AEC /* Resources */,
			);
			buildRules = (
			);
			dependencies = (
			);
			name = "Clamtown Crossfit";
			productName = "Clamtown Crossfit";
			productReference = D24C92F32457227900217AEC /* Clamtown Crossfit.app */;
			productType = "com.apple.product-type.application";
		};
/* End PBXNativeTarget section */

/* Begin PBXProject section */
		D24C92EB2457227900217AEC /* Project object */ = {
			isa = PBXProject;
			attributes = {
				LastSwiftUpdateCheck = 1140;
				LastUpgradeCheck = 1140;
				ORGANIZATIONNAME = "scott harris";
				TargetAttributes = {
					D24C92F22457227900217AEC = {
						CreatedOnToolsVersion = 11.4.1;
					};
				};
			};
			buildConfigurationList = D24C92EE2457227900217AEC /* Build configuration list for PBXProject "Clamtown Crossfit" */;
			compatibilityVersion = "Xcode 9.3";
			developmentRegion = en;
			hasScannedForEncodings = 0;
			knownRegions = (
				en,
				Base,
			);
			mainGroup = D24C92EA2457227900217AEC;
			productRefGroup = D24C92F42457227900217AEC /* Products */;
			projectDirPath = "";
			projectRoot = "";
			targets = (
				D24C92F22457227900217AEC /* Clamtown Crossfit */,
			);
		};
/* End PBXProject section */

/* Begin PBXResourcesBuildPhase section */
		D24C92F12457227900217AEC /* Resources */ = {
			isa = PBXResourcesBuildPhase;
			buildActionMask = 2147483647;
			files = (
				D21145152458F20200A63C47 /* ABS.m4v in Resources */,
				D21145162458F20200A63C47 /* ABS-Short.m4v in Resources */,
				D24C93032457227A00217AEC /* LaunchScreen.storyboard in Resources */,
				D24C93002457227A00217AEC /* Assets.xcassets in Resources */,
			);
			runOnlyForDeploymentPostprocessing = 0;
		};
/* End PBXResourcesBuildPhase section */

/* Begin PBXSourcesBuildPhase section */
		D24C92EF2457227900217AEC /* Sources */ = {
			isa = PBXSourcesBuildPhase;
			buildActionMask = 2147483647;
			files = (
				D24C930C2457682000217AEC /* MainNavigationController.swift in Sources */,
				D24C9319245885A000217AEC /* FileURL.swift in Sources */,
				D2C64174245B726E001C6A2E /* FireBaseAPIClient.swift in Sources */,
				D24C92F72457227900217AEC /* AppDelegate.swift in Sources */,
				D2C6416F245B70B2001C6A2E /* Workout.swift in Sources */,
				D24C931B2458896300217AEC /* PlayerViewController.swift in Sources */,
				D2C64177245B7684001C6A2E /* WorkoutController.swift in Sources */,
				D24C930E2457694200217AEC /* WorkoutsFeedCollectionViewController.swift in Sources */,
				D24C931324576C4000217AEC /* WorkoutFeedCell.swift in Sources */,
				D2C64171245B713A001C6A2E /* Coach.swift in Sources */,
				D24C92F92457227900217AEC /* SceneDelegate.swift in Sources */,
			);
			runOnlyForDeploymentPostprocessing = 0;
		};
/* End PBXSourcesBuildPhase section */

/* Begin PBXVariantGroup section */
		D24C93012457227A00217AEC /* LaunchScreen.storyboard */ = {
			isa = PBXVariantGroup;
			children = (
				D24C93022457227A00217AEC /* Base */,
			);
			name = LaunchScreen.storyboard;
			sourceTree = "<group>";
		};
/* End PBXVariantGroup section */

/* Begin XCBuildConfiguration section */
		D24C93052457227A00217AEC /* Debug */ = {
			isa = XCBuildConfiguration;
			buildSettings = {
				ALWAYS_SEARCH_USER_PATHS = NO;
				CLANG_ANALYZER_NONNULL = YES;
				CLANG_ANALYZER_NUMBER_OBJECT_CONVERSION = YES_AGGRESSIVE;
				CLANG_CXX_LANGUAGE_STANDARD = "gnu++14";
				CLANG_CXX_LIBRARY = "libc++";
				CLANG_ENABLE_MODULES = YES;
				CLANG_ENABLE_OBJC_ARC = YES;
				CLANG_ENABLE_OBJC_WEAK = YES;
				CLANG_WARN_BLOCK_CAPTURE_AUTORELEASING = YES;
				CLANG_WARN_BOOL_CONVERSION = YES;
				CLANG_WARN_COMMA = YES;
				CLANG_WARN_CONSTANT_CONVERSION = YES;
				CLANG_WARN_DEPRECATED_OBJC_IMPLEMENTATIONS = YES;
				CLANG_WARN_DIRECT_OBJC_ISA_USAGE = YES_ERROR;
				CLANG_WARN_DOCUMENTATION_COMMENTS = YES;
				CLANG_WARN_EMPTY_BODY = YES;
				CLANG_WARN_ENUM_CONVERSION = YES;
				CLANG_WARN_INFINITE_RECURSION = YES;
				CLANG_WARN_INT_CONVERSION = YES;
				CLANG_WARN_NON_LITERAL_NULL_CONVERSION = YES;
				CLANG_WARN_OBJC_IMPLICIT_RETAIN_SELF = YES;
				CLANG_WARN_OBJC_LITERAL_CONVERSION = YES;
				CLANG_WARN_OBJC_ROOT_CLASS = YES_ERROR;
				CLANG_WARN_RANGE_LOOP_ANALYSIS = YES;
				CLANG_WARN_STRICT_PROTOTYPES = YES;
				CLANG_WARN_SUSPICIOUS_MOVE = YES;
				CLANG_WARN_UNGUARDED_AVAILABILITY = YES_AGGRESSIVE;
				CLANG_WARN_UNREACHABLE_CODE = YES;
				CLANG_WARN__DUPLICATE_METHOD_MATCH = YES;
				COPY_PHASE_STRIP = NO;
				DEBUG_INFORMATION_FORMAT = dwarf;
				ENABLE_STRICT_OBJC_MSGSEND = YES;
				ENABLE_TESTABILITY = YES;
				GCC_C_LANGUAGE_STANDARD = gnu11;
				GCC_DYNAMIC_NO_PIC = NO;
				GCC_NO_COMMON_BLOCKS = YES;
				GCC_OPTIMIZATION_LEVEL = 0;
				GCC_PREPROCESSOR_DEFINITIONS = (
					"DEBUG=1",
					"$(inherited)",
				);
				GCC_WARN_64_TO_32_BIT_CONVERSION = YES;
				GCC_WARN_ABOUT_RETURN_TYPE = YES_ERROR;
				GCC_WARN_UNDECLARED_SELECTOR = YES;
				GCC_WARN_UNINITIALIZED_AUTOS = YES_AGGRESSIVE;
				GCC_WARN_UNUSED_FUNCTION = YES;
				GCC_WARN_UNUSED_VARIABLE = YES;
				IPHONEOS_DEPLOYMENT_TARGET = 13.4;
				MTL_ENABLE_DEBUG_INFO = INCLUDE_SOURCE;
				MTL_FAST_MATH = YES;
				ONLY_ACTIVE_ARCH = YES;
				SDKROOT = iphoneos;
				SWIFT_ACTIVE_COMPILATION_CONDITIONS = DEBUG;
				SWIFT_OPTIMIZATION_LEVEL = "-Onone";
			};
			name = Debug;
		};
		D24C93062457227A00217AEC /* Release */ = {
			isa = XCBuildConfiguration;
			buildSettings = {
				ALWAYS_SEARCH_USER_PATHS = NO;
				CLANG_ANALYZER_NONNULL = YES;
				CLANG_ANALYZER_NUMBER_OBJECT_CONVERSION = YES_AGGRESSIVE;
				CLANG_CXX_LANGUAGE_STANDARD = "gnu++14";
				CLANG_CXX_LIBRARY = "libc++";
				CLANG_ENABLE_MODULES = YES;
				CLANG_ENABLE_OBJC_ARC = YES;
				CLANG_ENABLE_OBJC_WEAK = YES;
				CLANG_WARN_BLOCK_CAPTURE_AUTORELEASING = YES;
				CLANG_WARN_BOOL_CONVERSION = YES;
				CLANG_WARN_COMMA = YES;
				CLANG_WARN_CONSTANT_CONVERSION = YES;
				CLANG_WARN_DEPRECATED_OBJC_IMPLEMENTATIONS = YES;
				CLANG_WARN_DIRECT_OBJC_ISA_USAGE = YES_ERROR;
				CLANG_WARN_DOCUMENTATION_COMMENTS = YES;
				CLANG_WARN_EMPTY_BODY = YES;
				CLANG_WARN_ENUM_CONVERSION = YES;
				CLANG_WARN_INFINITE_RECURSION = YES;
				CLANG_WARN_INT_CONVERSION = YES;
				CLANG_WARN_NON_LITERAL_NULL_CONVERSION = YES;
				CLANG_WARN_OBJC_IMPLICIT_RETAIN_SELF = YES;
				CLANG_WARN_OBJC_LITERAL_CONVERSION = YES;
				CLANG_WARN_OBJC_ROOT_CLASS = YES_ERROR;
				CLANG_WARN_RANGE_LOOP_ANALYSIS = YES;
				CLANG_WARN_STRICT_PROTOTYPES = YES;
				CLANG_WARN_SUSPICIOUS_MOVE = YES;
				CLANG_WARN_UNGUARDED_AVAILABILITY = YES_AGGRESSIVE;
				CLANG_WARN_UNREACHABLE_CODE = YES;
				CLANG_WARN__DUPLICATE_METHOD_MATCH = YES;
				COPY_PHASE_STRIP = NO;
				DEBUG_INFORMATION_FORMAT = "dwarf-with-dsym";
				ENABLE_NS_ASSERTIONS = NO;
				ENABLE_STRICT_OBJC_MSGSEND = YES;
				GCC_C_LANGUAGE_STANDARD = gnu11;
				GCC_NO_COMMON_BLOCKS = YES;
				GCC_WARN_64_TO_32_BIT_CONVERSION = YES;
				GCC_WARN_ABOUT_RETURN_TYPE = YES_ERROR;
				GCC_WARN_UNDECLARED_SELECTOR = YES;
				GCC_WARN_UNINITIALIZED_AUTOS = YES_AGGRESSIVE;
				GCC_WARN_UNUSED_FUNCTION = YES;
				GCC_WARN_UNUSED_VARIABLE = YES;
				IPHONEOS_DEPLOYMENT_TARGET = 13.4;
				MTL_ENABLE_DEBUG_INFO = NO;
				MTL_FAST_MATH = YES;
				SDKROOT = iphoneos;
				SWIFT_COMPILATION_MODE = wholemodule;
				SWIFT_OPTIMIZATION_LEVEL = "-O";
				VALIDATE_PRODUCT = YES;
			};
			name = Release;
		};
		D24C93082457227A00217AEC /* Debug */ = {
			isa = XCBuildConfiguration;
			buildSettings = {
				ASSETCATALOG_COMPILER_APPICON_NAME = AppIcon;
				CODE_SIGN_STYLE = Automatic;
				CURRENT_PROJECT_VERSION = 2;
				DEVELOPMENT_TEAM = 7SF2KFH336;
				INFOPLIST_FILE = "Clamtown Crossfit/Application/Info.plist";
				IPHONEOS_DEPLOYMENT_TARGET = 13.2;
				LD_RUNPATH_SEARCH_PATHS = (
					"$(inherited)",
					"@executable_path/Frameworks",
				);
				PRODUCT_BUNDLE_IDENTIFIER = "com.scottharris.Clamtown-Crossfit";
				PRODUCT_NAME = "$(TARGET_NAME)";
				SWIFT_VERSION = 5.0;
				TARGETED_DEVICE_FAMILY = "1,2";
			};
			name = Debug;
		};
		D24C93092457227A00217AEC /* Release */ = {
			isa = XCBuildConfiguration;
			buildSettings = {
				ASSETCATALOG_COMPILER_APPICON_NAME = AppIcon;
				CODE_SIGN_STYLE = Automatic;
				CURRENT_PROJECT_VERSION = 2;
				DEVELOPMENT_TEAM = 7SF2KFH336;
				INFOPLIST_FILE = "Clamtown Crossfit/Application/Info.plist";
				IPHONEOS_DEPLOYMENT_TARGET = 13.2;
				LD_RUNPATH_SEARCH_PATHS = (
					"$(inherited)",
					"@executable_path/Frameworks",
				);
				PRODUCT_BUNDLE_IDENTIFIER = "com.scottharris.Clamtown-Crossfit";
				PRODUCT_NAME = "$(TARGET_NAME)";
				SWIFT_VERSION = 5.0;
				TARGETED_DEVICE_FAMILY = "1,2";
			};
			name = Release;
		};
/* End XCBuildConfiguration section */

/* Begin XCConfigurationList section */
		D24C92EE2457227900217AEC /* Build configuration list for PBXProject "Clamtown Crossfit" */ = {
			isa = XCConfigurationList;
			buildConfigurations = (
				D24C93052457227A00217AEC /* Debug */,
				D24C93062457227A00217AEC /* Release */,
			);
			defaultConfigurationIsVisible = 0;
			defaultConfigurationName = Release;
		};
		D24C93072457227A00217AEC /* Build configuration list for PBXNativeTarget "Clamtown Crossfit" */ = {
			isa = XCConfigurationList;
			buildConfigurations = (
				D24C93082457227A00217AEC /* Debug */,
				D24C93092457227A00217AEC /* Release */,
			);
			defaultConfigurationIsVisible = 0;
			defaultConfigurationName = Release;
		};
/* End XCConfigurationList section */
	};
	rootObject = D24C92EB2457227900217AEC /* Project object */;
}
